
Microsoft Visual Studio Solution File, Format Version 12.00
# Visual Studio 2013
VisualStudioVersion = 12.0.31101.0
MinimumVisualStudioVersion = 10.0.40219.1
Project("{FAE04EC0-301F-11D3-BF4B-00C04F79EFBC}") = "WebCrawler", "WebCrawler\WebCrawler.csproj", "{0C990A69-8681-4B6A-BAE5-12CCA94F34AD}"
EndProject
Project("{FAE04EC0-301F-11D3-BF4B-00C04F79EFBC}") = "WebCrawler.Engine.Test", "WebCrawler.Test\WebCrawler.Engine.Test.csproj", "{021058B3-2E14-4C3C-BED5-0B03CE9E7B1F}"
EndProject
Project("{FAE04EC0-301F-11D3-BF4B-00C04F79EFBC}") = "WebCrawler.Engine", "WebCrawler.Engine\WebCrawler.Engine.csproj", "{87F8BA03-069D-4695-AAE7-57B64CC82D62}"
EndProject
Global
	GlobalSection(SolutionConfigurationPlatforms) = preSolution
		Debug|Any CPU = Debug|Any CPU
		Release|Any CPU = Release|Any CPU
	EndGlobalSection
	GlobalSection(ProjectConfigurationPlatforms) = postSolution
		{0C990A69-8681-4B6A-BAE5-12CCA94F34AD}.Debug|Any CPU.ActiveCfg = Debug|Any CPU
		{0C990A69-8681-4B6A-BAE5-12CCA94F34AD}.Debug|Any CPU.Build.0 = Debug|Any CPU
		{0C990A69-8681-4B6A-BAE5-12CCA94F34AD}.Release|Any CPU.ActiveCfg = Release|Any CPU
		{0C990A69-8681-4B6A-BAE5-12CCA94F34AD}.Release|Any CPU.Build.0 = Release|Any CPU
		{021058B3-2E14-4C3C-BED5-0B03CE9E7B1F}.Debug|Any CPU.ActiveCfg = Debug|Any CPU
		{021058B3-2E14-4C3C-BED5-0B03CE9E7B1F}.Debug|Any CPU.Build.0 = Debug|Any CPU
		{021058B3-2E14-4C3C-BED5-0B03CE9E7B1F}.Release|Any CPU.ActiveCfg = Release|Any CPU
		{021058B3-2E14-4C3C-BED5-0B03CE9E7B1F}.Release|Any CPU.Build.0 = Release|Any CPU
		{87F8BA03-069D-4695-AAE7-57B64CC82D62}.Debug|Any CPU.ActiveCfg = Debug|Any CPU
		{87F8BA03-069D-4695-AAE7-57B64CC82D62}.Debug|Any CPU.Build.0 = Debug|Any CPU
		{87F8BA03-069D-4695-AAE7-57B64CC82D62}.Release|Any CPU.ActiveCfg = Release|Any CPU
		{87F8BA03-069D-4695-AAE7-57B64CC82D62}.Release|Any CPU.Build.0 = Release|Any CPU
	EndGlobalSection
	GlobalSection(SolutionProperties) = preSolution
		HideSolutionNode = FALSE
	EndGlobalSection
EndGlobal
